GEM
  remote: https://rubygems.org/
  specs:
    active_interaction (5.5.0)
      activemodel (>= 5.2, < 9)
      activesupport (>= 5.2, < 9)
    activemodel (8.1.3)
      activesupport (= 8.1.3)
    activesupport (8.1.3)
      base64
      bigdecimal
      concurrent-ruby (~> 1.0, >= 1.3.1)
      connection_pool (>= 2.2.5)
      drb
      i18n (>= 1.6, < 2)
      json
      logger (>= 1.4.2)
      minitest (>= 5.1)
      securerandom (>= 0.3)
      tzinfo (~> 2.0, >= 2.0.5)
      uri (>= 0.13.1)
    aws-eventstream (1.4.0)
    aws-partitions (1.1271.0)
    aws-sdk-core (3.254.0)
      aws-eventstream (~> 1, >= 1.3.0)
      aws-partitions (~> 1, >= 1.992.0)
      aws-sigv4 (~> 1.9)
      base64
      bigdecimal
      jmespath (~> 1, >= 1.6.1)
      logger
    aws-sdk-ec2 (1.632.0)
      aws-sdk-core (~> 3, >= 3.254.0)
      aws-sigv4 (~> 1.5)
    aws-sdk-kms (1.130.0)
      aws-sdk-core (~> 3, >= 3.254.0)
      aws-sigv4 (~> 1.5)
    aws-sdk-s3 (1.228.0)
      aws-sdk-core (~> 3, >= 3.254.0)
      aws-sdk-kms (~> 1)
      aws-sigv4 (~> 1.5)
    aws-sigv4 (1.12.1)
      aws-eventstream (~> 1, >= 1.0.2)
    base64 (0.3.0)
    bigdecimal (4.1.2)
    coderay (1.1.3)
    concurrent-ruby (1.3.8)
    configatron (4.5.1)
    connection_pool (3.0.2)
    csv (3.3.5)
    debug (1.11.1)
      irb (~> 1.10)
      reline (>= 0.3.8)
    dotenv (3.2.0)
    drb (2.2.3)
    erb (6.0.6)
    getoptlong (0.2.1)
    i18n (1.15.2)
      concurrent-ruby (~> 1.0)
    io-console (0.8.2)
    irb (1.18.0)
      pp (>= 0.6.0)
      prism (>= 1.3.0)
      rdoc (>= 4.0.0)
      reline (>= 0.4.2)
    jmespath (1.6.2)
    json (2.21.1)
    logger (1.7.0)
    method_source (1.1.0)
    mini_portile2 (2.8.9)
    minitest (6.0.6)
      drb (~> 2.0)
      prism (~> 1.5)
    nokogiri (1.19.4)
      mini_portile2 (~> 2.8.2)
      racc (~> 1.4)
    nokogiri (1.19.4-x86_64-linux-gnu)
      racc (~> 1.4)
    oj (3.17.4)
      bigdecimal (>= 3.0)
      ostruct (>= 0.2)
    optparse (0.8.1)
    ostruct (0.6.3)
    pg (1.6.3)
    pg (1.6.3-x86_64-linux)
    pp (0.6.4)
      prettyprint
    prettyprint (0.2.0)
    prism (1.9.0)
    pry (0.16.0)
      coderay (~> 1.1)
      method_source (~> 1.0)
      reline (>= 0.6.0)
    racc (1.8.1)
    rainbow (3.1.1)
    rbs (4.0.3)
      logger
      prism (>= 1.6.0)
      tsort
    rdoc (8.0.0)
      erb
      prism (>= 1.6.0)
      rbs (>= 4.0.0)
      tsort
    reline (0.6.3)
      io-console (~> 0.5)
    securerandom (0.4.1)
    sequel (5.106.0)
      bigdecimal
    sequel_pg (1.19.0)
      pg (>= 0.18.0, != 1.2.0)
      sequel (>= 4.38.0)
    tsort (0.2.0)
    tzinfo (2.0.6)
      concurrent-ruby (~> 1.0)
    uri (1.1.1)

PLATFORMS
  ruby
  x86_64-linux

DEPENDENCIES
  active_interaction
  activesupport
  aws-sdk-ec2
  aws-sdk-s3
  configatron
  csv
  debug
  dotenv
  getoptlong
  nokogiri
  oj
  optparse
  pg
  pry
  rainbow
  sequel
  sequel_pg

RUBY VERSION
   ruby 3.4.3p32

BUNDLED WITH
   2.6.2
